
Microsoft Visual Studio Solution File, Format Version 12.00
# Visual Studio 15
VisualStudioVersion = 15.0.28307.271
MinimumVisualStudioVersion = 10.0.40219.1
Project("{FAE04EC0-301F-11D3-BF4B-00C04F79EFBC}") = "AS2020Api", "AS2020Api\AS2020Api.csproj", "{EDDC9CE2-9423-4233-AB8D-BE9DB4340280}"
EndProject
Global
	GlobalSection(SolutionConfigurationPlatforms) = preSolution
		Debug|Any CPU = Debug|Any CPU
		Release|Any CPU = Release|Any CPU
	EndGlobalSection
	GlobalSection(ProjectConfigurationPlatforms) = postSolution
		{EDDC9CE2-9423-4233-AB8D-BE9DB4340280}.Debug|Any CPU.ActiveCfg = Debug|Any CPU
		{EDDC9CE2-9423-4233-AB8D-BE9DB4340280}.Debug|Any CPU.Build.0 = Debug|Any CPU
		{EDDC9CE2-9423-4233-AB8D-BE9DB4340280}.Release|Any CPU.ActiveCfg = Release|Any CPU
		{EDDC9CE2-9423-4233-AB8D-BE9DB4340280}.Release|Any CPU.Build.0 = Release|Any CPU
	EndGlobalSection
	GlobalSection(SolutionProperties) = preSolution
		HideSolutionNode = FALSE
	EndGlobalSection
	GlobalSection(ExtensibilityGlobals) = postSolution
		SolutionGuid = {EA7C89E3-2118-41B8-93C9-C1B18B2C7495}
	EndGlobalSection
EndGlobal
