
Microsoft Visual Studio Solution File, Format Version 12.00
# Visual Studio Version 17
VisualStudioVersion = 17.3.32825.248
MinimumVisualStudioVersion = 10.0.40219.1
Project("{F2A71F9B-5D33-465A-A702-920D77279786}") = "SuaveTest", "Suave\SuaveTest.fsproj", "{75896381-3B6F-4179-8F72-13B099C39CE3}"
EndProject
Global
	GlobalSection(SolutionConfigurationPlatforms) = preSolution
		Debug|Any CPU = Debug|Any CPU
		Release|Any CPU = Release|Any CPU
	EndGlobalSection
	GlobalSection(ProjectConfigurationPlatforms) = postSolution
		{75896381-3B6F-4179-8F72-13B099C39CE3}.Debug|Any CPU.ActiveCfg = Debug|Any CPU
		{75896381-3B6F-4179-8F72-13B099C39CE3}.Debug|Any CPU.Build.0 = Debug|Any CPU
		{75896381-3B6F-4179-8F72-13B099C39CE3}.Release|Any CPU.ActiveCfg = Release|Any CPU
		{75896381-3B6F-4179-8F72-13B099C39CE3}.Release|Any CPU.Build.0 = Release|Any CPU
	EndGlobalSection
	GlobalSection(SolutionProperties) = preSolution
		HideSolutionNode = FALSE
	EndGlobalSection
	GlobalSection(ExtensibilityGlobals) = postSolution
		SolutionGuid = {48CA5DB7-4659-45C3-B288-D3E209601E73}
	EndGlobalSection
EndGlobal
